
Microsoft Visual Studio Solution File, Format Version 12.00
# Visual Studio 15
VisualStudioVersion = 15.0.28010.2026
MinimumVisualStudioVersion = 10.0.40219.1
Project("{2150E333-8FDC-42A3-9474-1A3956D46DE8}") = "Tests", "Tests", "{E07A749E-515D-4063-98D1-BDA52912CF3B}"
EndProject
Project("{FAE04EC0-301F-11D3-BF4B-00C04F79EFBC}") = "AutoCoderTests", "AutoCoderTests\AutoCoderTests.csproj", "{8CE435AF-1910-4E2C-AE76-F535D05FBDB0}"
EndProject
Project("{FAE04EC0-301F-11D3-BF4B-00C04F79EFBC}") = "QA-AutoCoder", "QA-AutoCoder\QA-AutoCoder.csproj", "{851DAA57-08F4-4092-9879-71147FFEBE8F}"
EndProject
Global
	GlobalSection(SolutionConfigurationPlatforms) = preSolution
		Debug|Any CPU = Debug|Any CPU
		Release|Any CPU = Release|Any CPU
	EndGlobalSection
	GlobalSection(ProjectConfigurationPlatforms) = postSolution
		{8CE435AF-1910-4E2C-AE76-F535D05FBDB0}.Debug|Any CPU.ActiveCfg = Debug|Any CPU
		{8CE435AF-1910-4E2C-AE76-F535D05FBDB0}.Debug|Any CPU.Build.0 = Debug|Any CPU
		{8CE435AF-1910-4E2C-AE76-F535D05FBDB0}.Release|Any CPU.ActiveCfg = Release|Any CPU
		{8CE435AF-1910-4E2C-AE76-F535D05FBDB0}.Release|Any CPU.Build.0 = Release|Any CPU
		{851DAA57-08F4-4092-9879-71147FFEBE8F}.Debug|Any CPU.ActiveCfg = Debug|Any CPU
		{851DAA57-08F4-4092-9879-71147FFEBE8F}.Debug|Any CPU.Build.0 = Debug|Any CPU
		{851DAA57-08F4-4092-9879-71147FFEBE8F}.Release|Any CPU.ActiveCfg = Release|Any CPU
		{851DAA57-08F4-4092-9879-71147FFEBE8F}.Release|Any CPU.Build.0 = Release|Any CPU
	EndGlobalSection
	GlobalSection(SolutionProperties) = preSolution
		HideSolutionNode = FALSE
	EndGlobalSection
	GlobalSection(NestedProjects) = preSolution
		{8CE435AF-1910-4E2C-AE76-F535D05FBDB0} = {E07A749E-515D-4063-98D1-BDA52912CF3B}
	EndGlobalSection
	GlobalSection(ExtensibilityGlobals) = postSolution
		SolutionGuid = {172E89B8-9D1A-4E28-A5F9-A467644A56A9}
	EndGlobalSection
EndGlobal
